// !$*UTF8*$!
{
	archiveVersion = 1;
	classes = {
	};
	objectVersion = 55;
	objects = {

/* Begin PBXBuildFile section */
		33144A4D276E366C008CBD2A /* AppDelegate.swift in Sources */ = {isa = PBXBuildFile; fileRef = 33144A4C276E366C008CBD2A /* AppDelegate.swift */; };
		33144A4F276E366C008CBD2A /* SceneDelegate.swift in Sources */ = {isa = PBXBuildFile; fileRef = 33144A4E276E366C008CBD2A /* SceneDelegate.swift */; };
		33144A51276E366C008CBD2A /* ViewController.swift in Sources */ = {isa = PBXBuildFile; fileRef = 33144A50276E366C008CBD2A /* ViewController.swift */; };
		33144A54276E366C008CBD2A /* Main.storyboard in Resources */ = {isa = PBXBuildFile; fileRef = 33144A52276E366C008CBD2A /* Main.storyboard */; };
		33144A56276E366E008CBD2A /* Assets.xcassets in Resources */ = {isa = PBXBuildFile; fileRef = 33144A55276E366E008CBD2A /* Assets.xcassets */; };
		33144A59276E366E008CBD2A /* LaunchScreen.storyboard in Resources */ = {isa = PBXBuildFile; fileRef = 33144A57276E366E008CBD2A /* LaunchScreen.storyboard */; };
		33144A67276E36B9008CBD2A /* Extensions.swift in Sources */ = {isa = PBXBuildFile; fileRef = 33144A66276E36B9008CBD2A /* Extensions.swift */; };
		33144A6A276E36CF008CBD2A /* LoginController.swift in Sources */ = {isa = PBXBuildFile; fileRef = 33144A69276E36CF008CBD2A /* LoginController.swift */; };
		33144A6C276E36DA008CBD2A /* RegistrationController.swift in Sources */ = {isa = PBXBuildFile; fileRef = 33144A6B276E36DA008CBD2A /* RegistrationController.swift */; };
		33144A6E276E3E40008CBD2A /* CustomTextField.swift in Sources */ = {isa = PBXBuildFile; fileRef = 33144A6D276E3E40008CBD2A /* CustomTextField.swift */; };
		33144A75276E4B8F008CBD2A /* AuthenticationViewModel.swift in Sources */ = {isa = PBXBuildFile; fileRef = 33144A74276E4B8F008CBD2A /* AuthenticationViewModel.swift */; };
		33144A77276E5114008CBD2A /* EmailValidation.swift in Sources */ = {isa = PBXBuildFile; fileRef = 33144A76276E5114008CBD2A /* EmailValidation.swift */; };
		33144A79276F2193008CBD2A /* Alamofire.swift in Sources */ = {isa = PBXBuildFile; fileRef = 33144A78276F2193008CBD2A /* Alamofire.swift */; };
		33144A7B276F2824008CBD2A /* ClientLoginController.swift in Sources */ = {isa = PBXBuildFile; fileRef = 33144A7A276F2824008CBD2A /* ClientLoginController.swift */; };
		4BFE194A49D50BA0DB711745 /* Pods_SGS_SideProject.framework in Frameworks */ = {isa = PBXBuildFile; fileRef = 37B27D623B31784F6707F483 /* Pods_SGS_SideProject.framework */; };
/* End PBXBuildFile section */

/* Begin PBXFileReference section */
		33144A49276E366C008CBD2A /* SGS_SideProject.app */ = {isa = PBXFileReference; explicitFileType = wrapper.application; includeInIndex = 0; path = SGS_SideProject.app; sourceTree = BUILT_PRODUCTS_DIR; };
		33144A4C276E366C008CBD2A /* AppDelegate.swift */ = {isa = PBXFileReference; lastKnownFileType = sourcecode.swift; path = AppDelegate.swift; sourceTree = "<group>"; };
		33144A4E276E366C008CBD2A /* SceneDelegate.swift */ = {isa = PBXFileReference; lastKnownFileType = sourcecode.swift; path = SceneDelegate.swift; sourceTree = "<group>"; };
		33144A50276E366C008CBD2A /* ViewController.swift */ = {isa = PBXFileReference; lastKnownFileType = sourcecode.swift; path = ViewController.swift; sourceTree = "<group>"; };
		33144A53276E366C008CBD2A /* Base */ = {isa = PBXFileReference; lastKnownFileType = file.storyboard; name = Base; path = Base.lproj/Main.storyboard; sourceTree = "<group>"; };
		33144A55276E366E008CBD2A /* Assets.xcassets */ = {isa = PBXFileReference; lastKnownFileType = folder.assetcatalog; path = Assets.xcassets; sourceTree = "<group>"; };
		33144A58276E366E008CBD2A /* Base */ = {isa = PBXFileReference; lastKnownFileType = file.storyboard; name = Base; path = Base.lproj/LaunchScreen.storyboard; sourceTree = "<group>"; };
		33144A5A276E366E008CBD2A /* Info.plist */ = {isa = PBXFileReference; lastKnownFileType = text.plist.xml; path = Info.plist; sourceTree = "<group>"; };
		33144A66276E36B9008CBD2A /* Extensions.swift */ = {isa = PBXFileReference; fileEncoding = 4; lastKnownFileType = sourcecode.swift; path = Extensions.swift; sourceTree = "<group>"; };
		33144A69276E36CF008CBD2A /* LoginController.swift */ = {isa = PBXFileReference; lastKnownFileType = sourcecode.swift; path = LoginController.swift; sourceTree = "<group>"; };
		33144A6B276E36DA008CBD2A /* RegistrationController.swift */ = {isa = PBXFileReference; lastKnownFileType = sourcecode.swift; path = RegistrationController.swift; sourceTree = "<group>"; };
		33144A6D276E3E40008CBD2A /* CustomTextField.swift */ = {isa = PBXFileReference; lastKnownFileType = sourcecode.swift; path = CustomTextField.swift; sourceTree = "<group>"; };
		33144A74276E4B8F008CBD2A /* AuthenticationViewModel.swift */ = {isa = PBXFileReference; lastKnownFileType = sourcecode.swift; path = AuthenticationViewModel.swift; sourceTree = "<group>"; };
		33144A76276E5114008CBD2A /* EmailValidation.swift */ = {isa = PBXFileReference; lastKnownFileType = sourcecode.swift; path = EmailValidation.swift; sourceTree = "<group>"; };
		33144A78276F2193008CBD2A /* Alamofire.swift */ = {isa = PBXFileReference; lastKnownFileType = sourcecode.swift; path = Alamofire.swift; sourceTree = "<group>"; };
		33144A7A276F2824008CBD2A /* ClientLoginController.swift */ = {isa = PBXFileReference; lastKnownFileType = sourcecode.swift; path = ClientLoginController.swift; sourceTree = "<group>"; };
		37B27D623B31784F6707F483 /* Pods_SGS_SideProject.framework */ = {isa = PBXFileReference; explicitFileType = wrapper.framework; includeInIndex = 0; path = Pods_SGS_SideProject.framework; sourceTree = BUILT_PRODUCTS_DIR; };
		7AC45A9EFB1DB4CD5F081407 /* Pods-SGS_SideProject.debug.xcconfig */ = {isa = PBXFileReference; includeInIndex = 1; lastKnownFileType = text.xcconfig; name = "Pods-SGS_SideProject.debug.xcconfig"; path = "Target Support Files/Pods-SGS_SideProject/Pods-SGS_SideProject.debug.xcconfig"; sourceTree = "<group>"; };
		BE807FF84FC01749E744584B /* Pods-SGS_SideProject.release.xcconfig */ = {isa = PBXFileReference; includeInIndex = 1; lastKnownFileType = text.xcconfig; name = "Pods-SGS_SideProject.release.xcconfig"; path = "Target Support Files/Pods-SGS_SideProject/Pods-SGS_SideProject.release.xcconfig"; sourceTree = "<group>"; };
/* End PBXFileReference section */

/* Begin PBXFrameworksBuildPhase section */
		33144A46276E366C008CBD2A /* Frameworks */ = {
			isa = PBXFrameworksBuildPhase;
			buildActionMask = 2147483647;
			files = (
				4BFE194A49D50BA0DB711745 /* Pods_SGS_SideProject.framework in Frameworks */,
			);
			runOnlyForDeploymentPostprocessing = 0;
		};
/* End PBXFrameworksBuildPhase section */

/* Begin PBXGroup section */
		33144A40276E366C008CBD2A = {
			isa = PBXGroup;
			children = (
				33144A4B276E366C008CBD2A /* SGS_SideProject */,
				33144A4A276E366C008CBD2A /* Products */,
				41952CD3FB7679A133E8047C /* Pods */,
				47E701C5BC3BD2548D5F7DCA /* Frameworks */,
			);
			sourceTree = "<group>";
		};
		33144A4A276E366C008CBD2A /* Products */ = {
			isa = PBXGroup;
			children = (
				33144A49276E366C008CBD2A /* SGS_SideProject.app */,
			);
			name = Products;
			sourceTree = "<group>";
		};
		33144A4B276E366C008CBD2A /* SGS_SideProject */ = {
			isa = PBXGroup;
			children = (
				33144A64276E3682008CBD2A /* Model */,
				33144A63276E3681008CBD2A /* View */,
				33144A62276E367F008CBD2A /* ViewModel */,
				33144A61276E367E008CBD2A /* Controller */,
				33144A60276E367C008CBD2A /* API */,
				33144A65276E36AD008CBD2A /* Utils */,
				33144A4C276E366C008CBD2A /* AppDelegate.swift */,
				33144A4E276E366C008CBD2A /* SceneDelegate.swift */,
				33144A50276E366C008CBD2A /* ViewController.swift */,
				33144A52276E366C008CBD2A /* Main.storyboard */,
				33144A55276E366E008CBD2A /* Assets.xcassets */,
				33144A57276E366E008CBD2A /* LaunchScreen.storyboard */,
				33144A5A276E366E008CBD2A /* Info.plist */,
			);
			path = SGS_SideProject;
			sourceTree = "<group>";
		};
		33144A60276E367C008CBD2A /* API */ = {
			isa = PBXGroup;
			children = (
			);
			path = API;
			sourceTree = "<group>";
		};
		33144A61276E367E008CBD2A /* Controller */ = {
			isa = PBXGroup;
			children = (
				33144A68276E36C4008CBD2A /* Authentication */,
				33144A7A276F2824008CBD2A /* ClientLoginController.swift */,
			);
			path = Controller;
			sourceTree = "<group>";
		};
		33144A62276E367F008CBD2A /* ViewModel */ = {
			isa = PBXGroup;
			children = (
				33144A74276E4B8F008CBD2A /* AuthenticationViewModel.swift */,
				33144A78276F2193008CBD2A /* Alamofire.swift */,
				33144A76276E5114008CBD2A /* EmailValidation.swift */,
			);
			path = ViewModel;
			sourceTree = "<group>";
		};
		33144A63276E3681008CBD2A /* View */ = {
			isa = PBXGroup;
			children = (
				33144A6D276E3E40008CBD2A /* CustomTextField.swift */,
			);
			path = View;
			sourceTree = "<group>";
		};
		33144A64276E3682008CBD2A /* Model */ = {
			isa = PBXGroup;
			children = (
			);
			path = Model;
			sourceTree = "<group>";
		};
		33144A65276E36AD008CBD2A /* Utils */ = {
			isa = PBXGroup;
			children = (
				33144A66276E36B9008CBD2A /* Extensions.swift */,
			);
			path = Utils;
			sourceTree = "<group>";
		};
		33144A68276E36C4008CBD2A /* Authentication */ = {
			isa = PBXGroup;
			children = (
				33144A69276E36CF008CBD2A /* LoginController.swift */,
				33144A6B276E36DA008CBD2A /* RegistrationController.swift */,
			);
			path = Authentication;
			sourceTree = "<group>";
		};
		41952CD3FB7679A133E8047C /* Pods */ = {
			isa = PBXGroup;
			children = (
				7AC45A9EFB1DB4CD5F081407 /* Pods-SGS_SideProject.debug.xcconfig */,
				BE807FF84FC01749E744584B /* Pods-SGS_SideProject.release.xcconfig */,
			);
			path = Pods;
			sourceTree = "<group>";
		};
		47E701C5BC3BD2548D5F7DCA /* Frameworks */ = {
			isa = PBXGroup;
			children = (
				37B27D623B31784F6707F483 /* Pods_SGS_SideProject.framework */,
			);
			name = Frameworks;
			sourceTree = "<group>";
		};
/* End PBXGroup section */

/* Begin PBXNativeTarget section */
		33144A48276E366C008CBD2A /* SGS_SideProject */ = {
			isa = PBXNativeTarget;
			buildConfigurationList = 33144A5D276E366E008CBD2A /* Build configuration list for PBXNativeTarget "SGS_SideProject" */;
			buildPhases = (
				7D2DC3902F501C7173BC99D1 /* [CP] Check Pods Manifest.lock */,
				33144A45276E366C008CBD2A /* Sources */,
				33144A46276E366C008CBD2A /* Frameworks */,
				33144A47276E366C008CBD2A /* Resources */,
				D6C365B73D642ED70DD25509 /* [CP] Embed Pods Frameworks */,
			);
			buildRules = (
			);
			dependencies = (
			);
			name = SGS_SideProject;
			productName = SGS_SideProject;
			productReference = 33144A49276E366C008CBD2A /* SGS_SideProject.app */;
			productType = "com.apple.product-type.application";
		};
/* End PBXNativeTarget section */

/* Begin PBXProject section */
		33144A41276E366C008CBD2A /* Project object */ = {
			isa = PBXProject;
			attributes = {
				BuildIndependentTargetsInParallel = 1;
				LastSwiftUpdateCheck = 1310;
				LastUpgradeCheck = 1310;
				TargetAttributes = {
					33144A48276E366C008CBD2A = {
						CreatedOnToolsVersion = 13.1;
					};
				};
			};
			buildConfigurationList = 33144A44276E366C008CBD2A /* Build configuration list for PBXProject "SGS_SideProject" */;
			compatibilityVersion = "Xcode 13.0";
			developmentRegion = en;
			hasScannedForEncodings = 0;
			knownRegions = (
				en,
				Base,
			);
			mainGroup = 33144A40276E366C008CBD2A;
			productRefGroup = 33144A4A276E366C008CBD2A /* Products */;
			projectDirPath = "";
			projectRoot = "";
			targets = (
				33144A48276E366C008CBD2A /* SGS_SideProject */,
			);
		};
/* End PBXProject section */

/* Begin PBXResourcesBuildPhase section */
		33144A47276E366C008CBD2A /* Resources */ = {
			isa = PBXResourcesBuildPhase;
			buildActionMask = 2147483647;
			files = (
				33144A59276E366E008CBD2A /* LaunchScreen.storyboard in Resources */,
				33144A56276E366E008CBD2A /* Assets.xcassets in Resources */,
				33144A54276E366C008CBD2A /* Main.storyboard in Resources */,
			);
			runOnlyForDeploymentPostprocessing = 0;
		};
/* End PBXResourcesBuildPhase section */

/* Begin PBXShellScriptBuildPhase section */
		7D2DC3902F501C7173BC99D1 /* [CP] Check Pods Manifest.lock */ = {
			isa = PBXShellScriptBuildPhase;
			buildActionMask = 2147483647;
			files = (
			);
			inputFileListPaths = (
			);
			inputPaths = (
				"${PODS_PODFILE_DIR_PATH}/Podfile.lock",
				"${PODS_ROOT}/Manifest.lock",
			);
			name = "[CP] Check Pods Manifest.lock";
			outputFileListPaths = (
			);
			outputPaths = (
				"$(DERIVED_FILE_DIR)/Pods-SGS_SideProject-checkManifestLockResult.txt",
			);
			runOnlyForDeploymentPostprocessing = 0;
			shellPath = /bin/sh;
			shellScript = "diff \"${PODS_PODFILE_DIR_PATH}/Podfile.lock\" \"${PODS_ROOT}/Manifest.lock\" > /dev/null\nif [ $? != 0 ] ; then\n    # print error to STDERR\n    echo \"error: The sandbox is not in sync with the Podfile.lock. Run 'pod install' or update your CocoaPods installation.\" >&2\n    exit 1\nfi\n# This output is used by Xcode 'outputs' to avoid re-running this script phase.\necho \"SUCCESS\" > \"${SCRIPT_OUTPUT_FILE_0}\"\n";
			showEnvVarsInLog = 0;
		};
		D6C365B73D642ED70DD25509 /* [CP] Embed Pods Frameworks */ = {
			isa = PBXShellScriptBuildPhase;
			buildActionMask = 2147483647;
			files = (
			);
			inputFileListPaths = (
				"${PODS_ROOT}/Target Support Files/Pods-SGS_SideProject/Pods-SGS_SideProject-frameworks-${CONFIGURATION}-input-files.xcfilelist",
			);
			name = "[CP] Embed Pods Frameworks";
			outputFileListPaths = (
				"${PODS_ROOT}/Target Support Files/Pods-SGS_SideProject/Pods-SGS_SideProject-frameworks-${CONFIGURATION}-output-files.xcfilelist",
			);
			runOnlyForDeploymentPostprocessing = 0;
			shellPath = /bin/sh;
			shellScript = "\"${PODS_ROOT}/Target Support Files/Pods-SGS_SideProject/Pods-SGS_SideProject-frameworks.sh\"\n";
			showEnvVarsInLog = 0;
		};
/* End PBXShellScriptBuildPhase section */

/* Begin PBXSourcesBuildPhase section */
		33144A45276E366C008CBD2A /* Sources */ = {
			isa = PBXSourcesBuildPhase;
			buildActionMask = 2147483647;
			files = (
				33144A6E276E3E40008CBD2A /* CustomTextField.swift in Sources */,
				33144A51276E366C008CBD2A /* ViewController.swift in Sources */,
				33144A4D276E366C008CBD2A /* AppDelegate.swift in Sources */,
				33144A77276E5114008CBD2A /* EmailValidation.swift in Sources */,
				33144A7B276F2824008CBD2A /* ClientLoginController.swift in Sources */,
				33144A4F276E366C008CBD2A /* SceneDelegate.swift in Sources */,
				33144A75276E4B8F008CBD2A /* AuthenticationViewModel.swift in Sources */,
				33144A79276F2193008CBD2A /* Alamofire.swift in Sources */,
				33144A67276E36B9008CBD2A /* Extensions.swift in Sources */,
				33144A6C276E36DA008CBD2A /* RegistrationController.swift in Sources */,
				33144A6A276E36CF008CBD2A /* LoginController.swift in Sources */,
			);
			runOnlyForDeploymentPostprocessing = 0;
		};
/* End PBXSourcesBuildPhase section */

/* Begin PBXVariantGroup section */
		33144A52276E366C008CBD2A /* Main.storyboard */ = {
			isa = PBXVariantGroup;
			children = (
				33144A53276E366C008CBD2A /* Base */,
			);
			name = Main.storyboard;
			sourceTree = "<group>";
		};
		33144A57276E366E008CBD2A /* LaunchScreen.storyboard */ = {
			isa = PBXVariantGroup;
			children = (
				33144A58276E366E008CBD2A /* Base */,
			);
			name = LaunchScreen.storyboard;
			sourceTree = "<group>";
		};
/* End PBXVariantGroup section */

/* Begin XCBuildConfiguration section */
		33144A5B276E366E008CBD2A /* Debug */ = {
			isa = XCBuildConfiguration;
			buildSettings = {
				ALWAYS_SEARCH_USER_PATHS = NO;
				CLANG_ANALYZER_NONNULL = YES;
				CLANG_ANALYZER_NUMBER_OBJECT_CONVERSION = YES_AGGRESSIVE;
				CLANG_CXX_LANGUAGE_STANDARD = "gnu++17";
				CLANG_CXX_LIBRARY = "libc++";
				CLANG_ENABLE_MODULES = YES;
				CLANG_ENABLE_OBJC_ARC = YES;
				CLANG_ENABLE_OBJC_WEAK = YES;
				CLANG_WARN_BLOCK_CAPTURE_AUTORELEASING = YES;
				CLANG_WARN_BOOL_CONVERSION = YES;
				CLANG_WARN_COMMA = YES;
				CLANG_WARN_CONSTANT_CONVERSION = YES;
				CLANG_WARN_DEPRECATED_OBJC_IMPLEMENTATIONS = YES;
				CLANG_WARN_DIRECT_OBJC_ISA_USAGE = YES_ERROR;
				CLANG_WARN_DOCUMENTATION_COMMENTS = YES;
				CLANG_WARN_EMPTY_BODY = YES;
				CLANG_WARN_ENUM_CONVERSION = YES;
				CLANG_WARN_INFINITE_RECURSION = YES;
				CLANG_WARN_INT_CONVERSION = YES;
				CLANG_WARN_NON_LITERAL_NULL_CONVERSION = YES;
				CLANG_WARN_OBJC_IMPLICIT_RETAIN_SELF = YES;
				CLANG_WARN_OBJC_LITERAL_CONVERSION = YES;
				CLANG_WARN_OBJC_ROOT_CLASS = YES_ERROR;
				CLANG_WARN_QUOTED_INCLUDE_IN_FRAMEWORK_HEADER = YES;
				CLANG_WARN_RANGE_LOOP_ANALYSIS = YES;
				CLANG_WARN_STRICT_PROTOTYPES = YES;
				CLANG_WARN_SUSPICIOUS_MOVE = YES;
				CLANG_WARN_UNGUARDED_AVAILABILITY = YES_AGGRESSIVE;
				CLANG_WARN_UNREACHABLE_CODE = YES;
				CLANG_WARN__DUPLICATE_METHOD_MATCH = YES;
				COPY_PHASE_STRIP = NO;
				DEBUG_INFORMATION_FORMAT = dwarf;
				ENABLE_STRICT_OBJC_MSGSEND = YES;
				ENABLE_TESTABILITY = YES;
				GCC_C_LANGUAGE_STANDARD = gnu11;
				GCC_DYNAMIC_NO_PIC = NO;
				GCC_NO_COMMON_BLOCKS = YES;
				GCC_OPTIMIZATION_LEVEL = 0;
				GCC_PREPROCESSOR_DEFINITIONS = (
					"DEBUG=1",
					"$(inherited)",
				);
				GCC_WARN_64_TO_32_BIT_CONVERSION = YES;
				GCC_WARN_ABOUT_RETURN_TYPE = YES_ERROR;
				GCC_WARN_UNDECLARED_SELECTOR = YES;
				GCC_WARN_UNINITIALIZED_AUTOS = YES_AGGRESSIVE;
				GCC_WARN_UNUSED_FUNCTION = YES;
				GCC_WARN_UNUSED_VARIABLE = YES;
				IPHONEOS_DEPLOYMENT_TARGET = 15.0;
				MTL_ENABLE_DEBUG_INFO = INCLUDE_SOURCE;
				MTL_FAST_MATH = YES;
				ONLY_ACTIVE_ARCH = YES;
				SDKROOT = iphoneos;
				SWIFT_ACTIVE_COMPILATION_CONDITIONS = DEBUG;
				SWIFT_OPTIMIZATION_LEVEL = "-Onone";
			};
			name = Debug;
		};
		33144A5C276E366E008CBD2A /* Release */ = {
			isa = XCBuildConfiguration;
			buildSettings = {
				ALWAYS_SEARCH_USER_PATHS = NO;
				CLANG_ANALYZER_NONNULL = YES;
				CLANG_ANALYZER_NUMBER_OBJECT_CONVERSION = YES_AGGRESSIVE;
				CLANG_CXX_LANGUAGE_STANDARD = "gnu++17";
				CLANG_CXX_LIBRARY = "libc++";
				CLANG_ENABLE_MODULES = YES;
				CLANG_ENABLE_OBJC_ARC = YES;
				CLANG_ENABLE_OBJC_WEAK = YES;
				CLANG_WARN_BLOCK_CAPTURE_AUTORELEASING = YES;
				CLANG_WARN_BOOL_CONVERSION = YES;
				CLANG_WARN_COMMA = YES;
				CLANG_WARN_CONSTANT_CONVERSION = YES;
				CLANG_WARN_DEPRECATED_OBJC_IMPLEMENTATIONS = YES;
				CLANG_WARN_DIRECT_OBJC_ISA_USAGE = YES_ERROR;
				CLANG_WARN_DOCUMENTATION_COMMENTS = YES;
				CLANG_WARN_EMPTY_BODY = YES;
				CLANG_WARN_ENUM_CONVERSION = YES;
				CLANG_WARN_INFINITE_RECURSION = YES;
				CLANG_WARN_INT_CONVERSION = YES;
				CLANG_WARN_NON_LITERAL_NULL_CONVERSION = YES;
				CLANG_WARN_OBJC_IMPLICIT_RETAIN_SELF = YES;
				CLANG_WARN_OBJC_LITERAL_CONVERSION = YES;
				CLANG_WARN_OBJC_ROOT_CLASS = YES_ERROR;
				CLANG_WARN_QUOTED_INCLUDE_IN_FRAMEWORK_HEADER = YES;
				CLANG_WARN_RANGE_LOOP_ANALYSIS = YES;
				CLANG_WARN_STRICT_PROTOTYPES = YES;
				CLANG_WARN_SUSPICIOUS_MOVE = YES;
				CLANG_WARN_UNGUARDED_AVAILABILITY = YES_AGGRESSIVE;
				CLANG_WARN_UNREACHABLE_CODE = YES;
				CLANG_WARN__DUPLICATE_METHOD_MATCH = YES;
				COPY_PHASE_STRIP = NO;
				DEBUG_INFORMATION_FORMAT = "dwarf-with-dsym";
				ENABLE_NS_ASSERTIONS = NO;
				ENABLE_STRICT_OBJC_MSGSEND = YES;
				GCC_C_LANGUAGE_STANDARD = gnu11;
				GCC_NO_COMMON_BLOCKS = YES;
				GCC_WARN_64_TO_32_BIT_CONVERSION = YES;
				GCC_WARN_ABOUT_RETURN_TYPE = YES_ERROR;
				GCC_WARN_UNDECLARED_SELECTOR = YES;
				GCC_WARN_UNINITIALIZED_AUTOS = YES_AGGRESSIVE;
				GCC_WARN_UNUSED_FUNCTION = YES;
				GCC_WARN_UNUSED_VARIABLE = YES;
				IPHONEOS_DEPLOYMENT_TARGET = 15.0;
				MTL_ENABLE_DEBUG_INFO = NO;
				MTL_FAST_MATH = YES;
				SDKROOT = iphoneos;
				SWIFT_COMPILATION_MODE = wholemodule;
				SWIFT_OPTIMIZATION_LEVEL = "-O";
				VALIDATE_PRODUCT = YES;
			};
			name = Release;
		};
		33144A5E276E366E008CBD2A /* Debug */ = {
			isa = XCBuildConfiguration;
			baseConfigurationReference = 7AC45A9EFB1DB4CD5F081407 /* Pods-SGS_SideProject.debug.xcconfig */;
			buildSettings = {
				ASSETCATALOG_COMPILER_APPICON_NAME = AppIcon;
				ASSETCATALOG_COMPILER_GLOBAL_ACCENT_COLOR_NAME = AccentColor;
				CODE_SIGN_STYLE = Automatic;
				CURRENT_PROJECT_VERSION = 1;
				DEVELOPMENT_TEAM = 529S3B4J44;
				GENERATE_INFOPLIST_FILE = YES;
				INFOPLIST_FILE = SGS_SideProject/Info.plist;
				INFOPLIST_KEY_UIApplicationSupportsIndirectInputEvents = YES;
				INFOPLIST_KEY_UILaunchStoryboardName = LaunchScreen;
				INFOPLIST_KEY_UIMainStoryboardFile = Main;
				INFOPLIST_KEY_UISupportedInterfaceOrientations_iPad = "UIInterfaceOrientationPortrait UIInterfaceOrientationPortraitUpsideDown UIInterfaceOrientationLandscapeLeft UIInterfaceOrientationLandscapeRight";
				INFOPLIST_KEY_UISupportedInterfaceOrientations_iPhone = "UIInterfaceOrientationPortrait UIInterfaceOrientationLandscapeLeft UIInterfaceOrientationLandscapeRight";
				LD_RUNPATH_SEARCH_PATHS = (
					"$(inherited)",
					"@executable_path/Frameworks",
				);
				MARKETING_VERSION = 1.0;
				PRODUCT_BUNDLE_IDENTIFIER = "com.contea95.SGS-SideProject";
				PRODUCT_NAME = "$(TARGET_NAME)";
				SWIFT_EMIT_LOC_STRINGS = YES;
				SWIFT_VERSION = 5.0;
				TARGETED_DEVICE_FAMILY = "1,2";
			};
			name = Debug;
		};
		33144A5F276E366E008CBD2A /* Release */ = {
			isa = XCBuildConfiguration;
			baseConfigurationReference = BE807FF84FC01749E744584B /* Pods-SGS_SideProject.release.xcconfig */;
			buildSettings = {
				ASSETCATALOG_COMPILER_APPICON_NAME = AppIcon;
				ASSETCATALOG_COMPILER_GLOBAL_ACCENT_COLOR_NAME = AccentColor;
				CODE_SIGN_STYLE = Automatic;
				CURRENT_PROJECT_VERSION = 1;
				DEVELOPMENT_TEAM = 529S3B4J44;
				GENERATE_INFOPLIST_FILE = YES;
				INFOPLIST_FILE = SGS_SideProject/Info.plist;
				INFOPLIST_KEY_UIApplicationSupportsIndirectInputEvents = YES;
				INFOPLIST_KEY_UILaunchStoryboardName = LaunchScreen;
				INFOPLIST_KEY_UIMainStoryboardFile = Main;
				INFOPLIST_KEY_UISupportedInterfaceOrientations_iPad = "UIInterfaceOrientationPortrait UIInterfaceOrientationPortraitUpsideDown UIInterfaceOrientationLandscapeLeft UIInterfaceOrientationLandscapeRight";
				INFOPLIST_KEY_UISupportedInterfaceOrientations_iPhone = "UIInterfaceOrientationPortrait UIInterfaceOrientationLandscapeLeft UIInterfaceOrientationLandscapeRight";
				LD_RUNPATH_SEARCH_PATHS = (
					"$(inherited)",
					"@executable_path/Frameworks",
				);
				MARKETING_VERSION = 1.0;
				PRODUCT_BUNDLE_IDENTIFIER = "com.contea95.SGS-SideProject";
				PRODUCT_NAME = "$(TARGET_NAME)";
				SWIFT_EMIT_LOC_STRINGS = YES;
				SWIFT_VERSION = 5.0;
				TARGETED_DEVICE_FAMILY = "1,2";
			};
			name = Release;
		};
/* End XCBuildConfiguration section */

/* Begin XCConfigurationList section */
		33144A44276E366C008CBD2A /* Build configuration list for PBXProject "SGS_SideProject" */ = {
			isa = XCConfigurationList;
			buildConfigurations = (
				33144A5B276E366E008CBD2A /* Debug */,
				33144A5C276E366E008CBD2A /* Release */,
			);
			defaultConfigurationIsVisible = 0;
			defaultConfigurationName = Release;
		};
		33144A5D276E366E008CBD2A /* Build configuration list for PBXNativeTarget "SGS_SideProject" */ = {
			isa = XCConfigurationList;
			buildConfigurations = (
				33144A5E276E366E008CBD2A /* Debug */,
				33144A5F276E366E008CBD2A /* Release */,
			);
			defaultConfigurationIsVisible = 0;
			defaultConfigurationName = Release;
		};
/* End XCConfigurationList section */
	};
	rootObject = 33144A41276E366C008CBD2A /* Project object */;
}
